<?xml version="1.0" encoding="utf-8"?>
<Project ToolsVersion="14.0" xmlns="http://schemas.microsoft.com/developer/msbuild/2003">
  <ItemGroup>
    <CustomBuild Include="D:\Programming\libpng\libpng1.6.37\CMakeFiles\83dd5d6d85ec0985393d049cdd7e1dde\INSTALL_force.rule">
      <Filter>CMake Rules</Filter>
    </CustomBuild>
  </ItemGroup>
  <ItemGroup>
    <Filter Include="CMake Rules">
      <UniqueIdentifier>{E970307D-7F31-3F10-87C1-71777DA96516}</UniqueIdentifier>
    </Filter>
  </ItemGroup>
</Project>
