Microsoft Visual Studio Solution File, Format Version 12.00
# Visual Studio 14
Project("{8BC9CEB8-8B4A-11D0-8D11-00A0C91BC942}") = "ALL_BUILD", "ALL_BUILD.vcxproj", "{46F8FCFB-7FF3-39BB-BCF1-ECF84AEA455D}"
	ProjectSection(ProjectDependencies) = postProject
		{D8FABFD5-8800-3BEE-80A4-9B4AD1834052} = {D8FABFD5-8800-3BEE-80A4-9B4AD1834052}
		{1DA9605A-7D7E-3C64-AD89-10C98736D1D9} = {1DA9605A-7D7E-3C64-AD89-10C98736D1D9}
		{133613DE-5E3F-3204-8936-C0391FF28FEF} = {133613DE-5E3F-3204-8936-C0391FF28FEF}
		{DDAF8574-9419-37D8-9674-BA4509F43B8E} = {DDAF8574-9419-37D8-9674-BA4509F43B8E}
		{7546ECAF-EC9D-3ACA-A849-6653608814CB} = {7546ECAF-EC9D-3ACA-A849-6653608814CB}
		{358E1447-03AC-3FAF-8F78-5F001264E13F} = {358E1447-03AC-3FAF-8F78-5F001264E13F}
		{DB1A114C-6D85-3517-BAE6-78C9ACF04709} = {DB1A114C-6D85-3517-BAE6-78C9ACF04709}
		{A3270054-47B9-3FEF-8EFB-4BD59EE4611D} = {A3270054-47B9-3FEF-8EFB-4BD59EE4611D}
		{BD4A296A-2442-3ECF-8814-2CAD254FCA4E} = {BD4A296A-2442-3ECF-8814-2CAD254FCA4E}
		{268CE3F0-9AC3-3F80-8F28-FCAB02F96649} = {268CE3F0-9AC3-3F80-8F28-FCAB02F96649}
	EndProjectSection
EndProject
Project("{8BC9CEB8-8B4A-11D0-8D11-00A0C91BC942}") = "INSTALL", "INSTALL.vcxproj", "{F664F637-0EFF-3C7F-8566-0B9BE79A9E3A}"
	ProjectSection(ProjectDependencies) = postProject
		{46F8FCFB-7FF3-39BB-BCF1-ECF84AEA455D} = {46F8FCFB-7FF3-39BB-BCF1-ECF84AEA455D}
		{D8FABFD5-8800-3BEE-80A4-9B4AD1834052} = {D8FABFD5-8800-3BEE-80A4-9B4AD1834052}
	EndProjectSection
EndProject
Project("{8BC9CEB8-8B4A-11D0-8D11-00A0C91BC942}") = "RUN_TESTS", "RUN_TESTS.vcxproj", "{EBE46076-E240-3631-87B9-24F080212780}"
	ProjectSection(ProjectDependencies) = postProject
		{D8FABFD5-8800-3BEE-80A4-9B4AD1834052} = {D8FABFD5-8800-3BEE-80A4-9B4AD1834052}
	EndProjectSection
EndProject
Project("{8BC9CEB8-8B4A-11D0-8D11-00A0C91BC942}") = "ZERO_CHECK", "ZERO_CHECK.vcxproj", "{D8FABFD5-8800-3BEE-80A4-9B4AD1834052}"
	ProjectSection(ProjectDependencies) = postProject
	EndProjectSection
EndProject
Project("{8BC9CEB8-8B4A-11D0-8D11-00A0C91BC942}") = "genfiles", "genfiles.vcxproj", "{903E8757-9974-3016-8BCC-724F342A4711}"
	ProjectSection(ProjectDependencies) = postProject
		{D8FABFD5-8800-3BEE-80A4-9B4AD1834052} = {D8FABFD5-8800-3BEE-80A4-9B4AD1834052}
	EndProjectSection
EndProject
Project("{8BC9CEB8-8B4A-11D0-8D11-00A0C91BC942}") = "genprebuilt", "genprebuilt.vcxproj", "{9265C07B-1C17-326E-A9E3-F3DF98DC7FAE}"
	ProjectSection(ProjectDependencies) = postProject
		{D8FABFD5-8800-3BEE-80A4-9B4AD1834052} = {D8FABFD5-8800-3BEE-80A4-9B4AD1834052}
	EndProjectSection
EndProject
Project("{8BC9CEB8-8B4A-11D0-8D11-00A0C91BC942}") = "gensym", "gensym.vcxproj", "{CA34B9AF-9887-33D5-8429-8BACC222F2D9}"
	ProjectSection(ProjectDependencies) = postProject
		{D8FABFD5-8800-3BEE-80A4-9B4AD1834052} = {D8FABFD5-8800-3BEE-80A4-9B4AD1834052}
	EndProjectSection
EndProject
Project("{8BC9CEB8-8B4A-11D0-8D11-00A0C91BC942}") = "genvers", "genvers.vcxproj", "{AF02A5A5-0103-3D9F-98B7-C5D0958C746D}"
	ProjectSection(ProjectDependencies) = postProject
		{D8FABFD5-8800-3BEE-80A4-9B4AD1834052} = {D8FABFD5-8800-3BEE-80A4-9B4AD1834052}
	EndProjectSection
EndProject
Project("{8BC9CEB8-8B4A-11D0-8D11-00A0C91BC942}") = "png", "png.vcxproj", "{1DA9605A-7D7E-3C64-AD89-10C98736D1D9}"
	ProjectSection(ProjectDependencies) = postProject
		{D8FABFD5-8800-3BEE-80A4-9B4AD1834052} = {D8FABFD5-8800-3BEE-80A4-9B4AD1834052}
		{903E8757-9974-3016-8BCC-724F342A4711} = {903E8757-9974-3016-8BCC-724F342A4711}
	EndProjectSection
EndProject
Project("{8BC9CEB8-8B4A-11D0-8D11-00A0C91BC942}") = "png-fix-itxt", "png-fix-itxt.vcxproj", "{133613DE-5E3F-3204-8936-C0391FF28FEF}"
	ProjectSection(ProjectDependencies) = postProject
		{D8FABFD5-8800-3BEE-80A4-9B4AD1834052} = {D8FABFD5-8800-3BEE-80A4-9B4AD1834052}
	EndProjectSection
EndProject
Project("{8BC9CEB8-8B4A-11D0-8D11-00A0C91BC942}") = "png_static", "png_static.vcxproj", "{DDAF8574-9419-37D8-9674-BA4509F43B8E}"
	ProjectSection(ProjectDependencies) = postProject
		{D8FABFD5-8800-3BEE-80A4-9B4AD1834052} = {D8FABFD5-8800-3BEE-80A4-9B4AD1834052}
		{903E8757-9974-3016-8BCC-724F342A4711} = {903E8757-9974-3016-8BCC-724F342A4711}
	EndProjectSection
EndProject
Project("{8BC9CEB8-8B4A-11D0-8D11-00A0C91BC942}") = "pngfix", "pngfix.vcxproj", "{7546ECAF-EC9D-3ACA-A849-6653608814CB}"
	ProjectSection(ProjectDependencies) = postProject
		{D8FABFD5-8800-3BEE-80A4-9B4AD1834052} = {D8FABFD5-8800-3BEE-80A4-9B4AD1834052}
		{1DA9605A-7D7E-3C64-AD89-10C98736D1D9} = {1DA9605A-7D7E-3C64-AD89-10C98736D1D9}
	EndProjectSection
EndProject
Project("{8BC9CEB8-8B4A-11D0-8D11-00A0C91BC942}") = "pngimage", "pngimage.vcxproj", "{358E1447-03AC-3FAF-8F78-5F001264E13F}"
	ProjectSection(ProjectDependencies) = postProject
		{D8FABFD5-8800-3BEE-80A4-9B4AD1834052} = {D8FABFD5-8800-3BEE-80A4-9B4AD1834052}
		{1DA9605A-7D7E-3C64-AD89-10C98736D1D9} = {1DA9605A-7D7E-3C64-AD89-10C98736D1D9}
	EndProjectSection
EndProject
Project("{8BC9CEB8-8B4A-11D0-8D11-00A0C91BC942}") = "pngstest", "pngstest.vcxproj", "{DB1A114C-6D85-3517-BAE6-78C9ACF04709}"
	ProjectSection(ProjectDependencies) = postProject
		{D8FABFD5-8800-3BEE-80A4-9B4AD1834052} = {D8FABFD5-8800-3BEE-80A4-9B4AD1834052}
		{1DA9605A-7D7E-3C64-AD89-10C98736D1D9} = {1DA9605A-7D7E-3C64-AD89-10C98736D1D9}
	EndProjectSection
EndProject
Project("{8BC9CEB8-8B4A-11D0-8D11-00A0C91BC942}") = "pngtest", "pngtest.vcxproj", "{A3270054-47B9-3FEF-8EFB-4BD59EE4611D}"
	ProjectSection(ProjectDependencies) = postProject
		{D8FABFD5-8800-3BEE-80A4-9B4AD1834052} = {D8FABFD5-8800-3BEE-80A4-9B4AD1834052}
		{1DA9605A-7D7E-3C64-AD89-10C98736D1D9} = {1DA9605A-7D7E-3C64-AD89-10C98736D1D9}
	EndProjectSection
EndProject
Project("{8BC9CEB8-8B4A-11D0-8D11-00A0C91BC942}") = "pngunknown", "pngunknown.vcxproj", "{BD4A296A-2442-3ECF-8814-2CAD254FCA4E}"
	ProjectSection(ProjectDependencies) = postProject
		{D8FABFD5-8800-3BEE-80A4-9B4AD1834052} = {D8FABFD5-8800-3BEE-80A4-9B4AD1834052}
		{1DA9605A-7D7E-3C64-AD89-10C98736D1D9} = {1DA9605A-7D7E-3C64-AD89-10C98736D1D9}
	EndProjectSection
EndProject
Project("{8BC9CEB8-8B4A-11D0-8D11-00A0C91BC942}") = "pngvalid", "pngvalid.vcxproj", "{268CE3F0-9AC3-3F80-8F28-FCAB02F96649}"
	ProjectSection(ProjectDependencies) = postProject
		{D8FABFD5-8800-3BEE-80A4-9B4AD1834052} = {D8FABFD5-8800-3BEE-80A4-9B4AD1834052}
		{1DA9605A-7D7E-3C64-AD89-10C98736D1D9} = {1DA9605A-7D7E-3C64-AD89-10C98736D1D9}
	EndProjectSection
EndProject
Project("{8BC9CEB8-8B4A-11D0-8D11-00A0C91BC942}") = "symbol-check", "symbol-check.vcxproj", "{77A4B7C2-43DC-3C3C-B9B6-B928E061D1B5}"
	ProjectSection(ProjectDependencies) = postProject
		{D8FABFD5-8800-3BEE-80A4-9B4AD1834052} = {D8FABFD5-8800-3BEE-80A4-9B4AD1834052}
	EndProjectSection
EndProject
Global
	GlobalSection(SolutionConfigurationPlatforms) = preSolution
		Debug|Win32 = Debug|Win32
		Release|Win32 = Release|Win32
	EndGlobalSection
	GlobalSection(ProjectConfigurationPlatforms) = postSolution
		{46F8FCFB-7FF3-39BB-BCF1-ECF84AEA455D}.Debug|Win32.ActiveCfg = Debug|Win32
		{46F8FCFB-7FF3-39BB-BCF1-ECF84AEA455D}.Debug|Win32.Build.0 = Debug|Win32
		{46F8FCFB-7FF3-39BB-BCF1-ECF84AEA455D}.Release|Win32.ActiveCfg = Release|Win32
		{46F8FCFB-7FF3-39BB-BCF1-ECF84AEA455D}.Release|Win32.Build.0 = Release|Win32
		{F664F637-0EFF-3C7F-8566-0B9BE79A9E3A}.Debug|Win32.ActiveCfg = Debug|Win32
		{F664F637-0EFF-3C7F-8566-0B9BE79A9E3A}.Release|Win32.ActiveCfg = Release|Win32
		{EBE46076-E240-3631-87B9-24F080212780}.Debug|Win32.ActiveCfg = Debug|Win32
		{EBE46076-E240-3631-87B9-24F080212780}.Release|Win32.ActiveCfg = Release|Win32
		{D8FABFD5-8800-3BEE-80A4-9B4AD1834052}.Debug|Win32.ActiveCfg = Debug|Win32
		{D8FABFD5-8800-3BEE-80A4-9B4AD1834052}.Debug|Win32.Build.0 = Debug|Win32
		{D8FABFD5-8800-3BEE-80A4-9B4AD1834052}.Release|Win32.ActiveCfg = Release|Win32
		{D8FABFD5-8800-3BEE-80A4-9B4AD1834052}.Release|Win32.Build.0 = Release|Win32
		{903E8757-9974-3016-8BCC-724F342A4711}.Debug|Win32.ActiveCfg = Debug|Win32
		{903E8757-9974-3016-8BCC-724F342A4711}.Debug|Win32.Build.0 = Debug|Win32
		{903E8757-9974-3016-8BCC-724F342A4711}.Release|Win32.ActiveCfg = Release|Win32
		{903E8757-9974-3016-8BCC-724F342A4711}.Release|Win32.Build.0 = Release|Win32
		{9265C07B-1C17-326E-A9E3-F3DF98DC7FAE}.Debug|Win32.ActiveCfg = Debug|Win32
		{9265C07B-1C17-326E-A9E3-F3DF98DC7FAE}.Release|Win32.ActiveCfg = Release|Win32
		{CA34B9AF-9887-33D5-8429-8BACC222F2D9}.Debug|Win32.ActiveCfg = Debug|Win32
		{CA34B9AF-9887-33D5-8429-8BACC222F2D9}.Release|Win32.ActiveCfg = Release|Win32
		{AF02A5A5-0103-3D9F-98B7-C5D0958C746D}.Debug|Win32.ActiveCfg = Debug|Win32
		{AF02A5A5-0103-3D9F-98B7-C5D0958C746D}.Release|Win32.ActiveCfg = Release|Win32
		{1DA9605A-7D7E-3C64-AD89-10C98736D1D9}.Debug|Win32.ActiveCfg = Debug|Win32
		{1DA9605A-7D7E-3C64-AD89-10C98736D1D9}.Debug|Win32.Build.0 = Debug|Win32
		{1DA9605A-7D7E-3C64-AD89-10C98736D1D9}.Release|Win32.ActiveCfg = Release|Win32
		{1DA9605A-7D7E-3C64-AD89-10C98736D1D9}.Release|Win32.Build.0 = Release|Win32
		{133613DE-5E3F-3204-8936-C0391FF28FEF}.Debug|Win32.ActiveCfg = Debug|Win32
		{133613DE-5E3F-3204-8936-C0391FF28FEF}.Debug|Win32.Build.0 = Debug|Win32
		{133613DE-5E3F-3204-8936-C0391FF28FEF}.Release|Win32.ActiveCfg = Release|Win32
		{133613DE-5E3F-3204-8936-C0391FF28FEF}.Release|Win32.Build.0 = Release|Win32
		{DDAF8574-9419-37D8-9674-BA4509F43B8E}.Debug|Win32.ActiveCfg = Debug|Win32
		{DDAF8574-9419-37D8-9674-BA4509F43B8E}.Debug|Win32.Build.0 = Debug|Win32
		{DDAF8574-9419-37D8-9674-BA4509F43B8E}.Release|Win32.ActiveCfg = Release|Win32
		{DDAF8574-9419-37D8-9674-BA4509F43B8E}.Release|Win32.Build.0 = Release|Win32
		{7546ECAF-EC9D-3ACA-A849-6653608814CB}.Debug|Win32.ActiveCfg = Debug|Win32
		{7546ECAF-EC9D-3ACA-A849-6653608814CB}.Debug|Win32.Build.0 = Debug|Win32
		{7546ECAF-EC9D-3ACA-A849-6653608814CB}.Release|Win32.ActiveCfg = Release|Win32
		{7546ECAF-EC9D-3ACA-A849-6653608814CB}.Release|Win32.Build.0 = Release|Win32
		{358E1447-03AC-3FAF-8F78-5F001264E13F}.Debug|Win32.ActiveCfg = Debug|Win32
		{358E1447-03AC-3FAF-8F78-5F001264E13F}.Debug|Win32.Build.0 = Debug|Win32
		{358E1447-03AC-3FAF-8F78-5F001264E13F}.Release|Win32.ActiveCfg = Release|Win32
		{358E1447-03AC-3FAF-8F78-5F001264E13F}.Release|Win32.Build.0 = Release|Win32
		{DB1A114C-6D85-3517-BAE6-78C9ACF04709}.Debug|Win32.ActiveCfg = Debug|Win32
		{DB1A114C-6D85-3517-BAE6-78C9ACF04709}.Debug|Win32.Build.0 = Debug|Win32
		{DB1A114C-6D85-3517-BAE6-78C9ACF04709}.Release|Win32.ActiveCfg = Release|Win32
		{DB1A114C-6D85-3517-BAE6-78C9ACF04709}.Release|Win32.Build.0 = Release|Win32
		{A3270054-47B9-3FEF-8EFB-4BD59EE4611D}.Debug|Win32.ActiveCfg = Debug|Win32
		{A3270054-47B9-3FEF-8EFB-4BD59EE4611D}.Debug|Win32.Build.0 = Debug|Win32
		{A3270054-47B9-3FEF-8EFB-4BD59EE4611D}.Release|Win32.ActiveCfg = Release|Win32
		{A3270054-47B9-3FEF-8EFB-4BD59EE4611D}.Release|Win32.Build.0 = Release|Win32
		{BD4A296A-2442-3ECF-8814-2CAD254FCA4E}.Debug|Win32.ActiveCfg = Debug|Win32
		{BD4A296A-2442-3ECF-8814-2CAD254FCA4E}.Debug|Win32.Build.0 = Debug|Win32
		{BD4A296A-2442-3ECF-8814-2CAD254FCA4E}.Release|Win32.ActiveCfg = Release|Win32
		{BD4A296A-2442-3ECF-8814-2CAD254FCA4E}.Release|Win32.Build.0 = Release|Win32
		{268CE3F0-9AC3-3F80-8F28-FCAB02F96649}.Debug|Win32.ActiveCfg = Debug|Win32
		{268CE3F0-9AC3-3F80-8F28-FCAB02F96649}.Debug|Win32.Build.0 = Debug|Win32
		{268CE3F0-9AC3-3F80-8F28-FCAB02F96649}.Release|Win32.ActiveCfg = Release|Win32
		{268CE3F0-9AC3-3F80-8F28-FCAB02F96649}.Release|Win32.Build.0 = Release|Win32
		{77A4B7C2-43DC-3C3C-B9B6-B928E061D1B5}.Debug|Win32.ActiveCfg = Debug|Win32
		{77A4B7C2-43DC-3C3C-B9B6-B928E061D1B5}.Release|Win32.ActiveCfg = Release|Win32
	EndGlobalSection
	GlobalSection(ExtensibilityGlobals) = postSolution
		SolutionGuid = {9A4DAB49-CB49-31C2-A128-B9233CD80EB7}
	EndGlobalSection
	GlobalSection(ExtensibilityAddIns) = postSolution
	EndGlobalSection
EndGlobal
