<?xml version="1.0" encoding="utf-8"?>
<Project ToolsVersion="14.0" xmlns="http://schemas.microsoft.com/developer/msbuild/2003">
  <ItemGroup>
    <ClCompile Include="D:\Programming\libpng\libpng1.6.37\png.c">
      <Filter>Source Files</Filter>
    </ClCompile>
    <ClCompile Include="D:\Programming\libpng\libpng1.6.37\pngerror.c">
      <Filter>Source Files</Filter>
    </ClCompile>
    <ClCompile Include="D:\Programming\libpng\libpng1.6.37\pngget.c">
      <Filter>Source Files</Filter>
    </ClCompile>
    <ClCompile Include="D:\Programming\libpng\libpng1.6.37\pngmem.c">
      <Filter>Source Files</Filter>
    </ClCompile>
    <ClCompile Include="D:\Programming\libpng\libpng1.6.37\pngpread.c">
      <Filter>Source Files</Filter>
    </ClCompile>
    <ClCompile Include="D:\Programming\libpng\libpng1.6.37\pngread.c">
      <Filter>Source Files</Filter>
    </ClCompile>
    <ClCompile Include="D:\Programming\libpng\libpng1.6.37\pngrio.c">
      <Filter>Source Files</Filter>
    </ClCompile>
    <ClCompile Include="D:\Programming\libpng\libpng1.6.37\pngrtran.c">
      <Filter>Source Files</Filter>
    </ClCompile>
    <ClCompile Include="D:\Programming\libpng\libpng1.6.37\pngrutil.c">
      <Filter>Source Files</Filter>
    </ClCompile>
    <ClCompile Include="D:\Programming\libpng\libpng1.6.37\pngset.c">
      <Filter>Source Files</Filter>
    </ClCompile>
    <ClCompile Include="D:\Programming\libpng\libpng1.6.37\pngtrans.c">
      <Filter>Source Files</Filter>
    </ClCompile>
    <ClCompile Include="D:\Programming\libpng\libpng1.6.37\pngwio.c">
      <Filter>Source Files</Filter>
    </ClCompile>
    <ClCompile Include="D:\Programming\libpng\libpng1.6.37\pngwrite.c">
      <Filter>Source Files</Filter>
    </ClCompile>
    <ClCompile Include="D:\Programming\libpng\libpng1.6.37\pngwtran.c">
      <Filter>Source Files</Filter>
    </ClCompile>
    <ClCompile Include="D:\Programming\libpng\libpng1.6.37\pngwutil.c">
      <Filter>Source Files</Filter>
    </ClCompile>
  </ItemGroup>
  <ItemGroup>
    <ClInclude Include="D:\Programming\libpng\libpng1.6.37\png.h">
      <Filter>Header Files</Filter>
    </ClInclude>
    <ClInclude Include="D:\Programming\libpng\libpng1.6.37\pngconf.h">
      <Filter>Header Files</Filter>
    </ClInclude>
    <ClInclude Include="D:\Programming\libpng\libpng1.6.37\pnglibconf.h">
      <Filter>Header Files</Filter>
    </ClInclude>
    <ClInclude Include="D:\Programming\libpng\libpng1.6.37\pngpriv.h">
      <Filter>Header Files</Filter>
    </ClInclude>
    <ClInclude Include="D:\Programming\libpng\libpng1.6.37\pngdebug.h">
      <Filter>Header Files</Filter>
    </ClInclude>
    <ClInclude Include="D:\Programming\libpng\libpng1.6.37\pnginfo.h">
      <Filter>Header Files</Filter>
    </ClInclude>
    <ClInclude Include="D:\Programming\libpng\libpng1.6.37\pngstruct.h">
      <Filter>Header Files</Filter>
    </ClInclude>
    <ClInclude Include="D:\Programming\libpng\libpng1.6.37\pngprefix.h">
      <Filter>Header Files</Filter>
    </ClInclude>
  </ItemGroup>
  <ItemGroup>
    <CustomBuild Include="D:\Programming\libpng\libpng1.6.37\CMakeLists.txt" />
  </ItemGroup>
  <ItemGroup>
    <Filter Include="CMake Rules">
      <UniqueIdentifier>{E970307D-7F31-3F10-87C1-71777DA96516}</UniqueIdentifier>
    </Filter>
    <Filter Include="Header Files">
      <UniqueIdentifier>{099A4E7F-66F1-30C1-8079-0EE9502DECD6}</UniqueIdentifier>
    </Filter>
    <Filter Include="Source Files">
      <UniqueIdentifier>{9CB65684-D084-3B8D-A8C1-A0790C749DFA}</UniqueIdentifier>
    </Filter>
  </ItemGroup>
</Project>
