Microsoft Visual Studio Solution File, Format Version 12.00
# Visual Studio 14
Project("{8BC9CEB8-8B4A-11D0-8D11-00A0C91BC942}") = "ALL_BUILD", "ALL_BUILD.vcxproj", "{46A7DB3C-E82F-3835-91BD-2602E5BE275B}"
	ProjectSection(ProjectDependencies) = postProject
		{FB87D854-F8AE-310E-B0DF-ADB77CB40FCF} = {FB87D854-F8AE-310E-B0DF-ADB77CB40FCF}
		{94827557-4E29-3305-AFCD-46E426E17818} = {94827557-4E29-3305-AFCD-46E426E17818}
		{ADA044E3-FE73-36F4-AFF6-00CE8EA31C5C} = {ADA044E3-FE73-36F4-AFF6-00CE8EA31C5C}
		{AB397389-B053-3CD7-B009-D84721761E47} = {AB397389-B053-3CD7-B009-D84721761E47}
		{E54E5D49-F4D8-3734-9B90-A17B395E2041} = {E54E5D49-F4D8-3734-9B90-A17B395E2041}
	EndProjectSection
EndProject
Project("{8BC9CEB8-8B4A-11D0-8D11-00A0C91BC942}") = "INSTALL", "INSTALL.vcxproj", "{9D69CF87-870D-310C-B811-77BAF00A5C89}"
	ProjectSection(ProjectDependencies) = postProject
		{46A7DB3C-E82F-3835-91BD-2602E5BE275B} = {46A7DB3C-E82F-3835-91BD-2602E5BE275B}
		{FB87D854-F8AE-310E-B0DF-ADB77CB40FCF} = {FB87D854-F8AE-310E-B0DF-ADB77CB40FCF}
	EndProjectSection
EndProject
Project("{8BC9CEB8-8B4A-11D0-8D11-00A0C91BC942}") = "RUN_TESTS", "RUN_TESTS.vcxproj", "{C45A54E2-B07E-3B48-8C7D-89DEF7260B87}"
	ProjectSection(ProjectDependencies) = postProject
		{FB87D854-F8AE-310E-B0DF-ADB77CB40FCF} = {FB87D854-F8AE-310E-B0DF-ADB77CB40FCF}
	EndProjectSection
EndProject
Project("{8BC9CEB8-8B4A-11D0-8D11-00A0C91BC942}") = "ZERO_CHECK", "ZERO_CHECK.vcxproj", "{FB87D854-F8AE-310E-B0DF-ADB77CB40FCF}"
	ProjectSection(ProjectDependencies) = postProject
	EndProjectSection
EndProject
Project("{8BC9CEB8-8B4A-11D0-8D11-00A0C91BC942}") = "example", "example.vcxproj", "{94827557-4E29-3305-AFCD-46E426E17818}"
	ProjectSection(ProjectDependencies) = postProject
		{FB87D854-F8AE-310E-B0DF-ADB77CB40FCF} = {FB87D854-F8AE-310E-B0DF-ADB77CB40FCF}
		{AB397389-B053-3CD7-B009-D84721761E47} = {AB397389-B053-3CD7-B009-D84721761E47}
	EndProjectSection
EndProject
Project("{8BC9CEB8-8B4A-11D0-8D11-00A0C91BC942}") = "minigzip", "minigzip.vcxproj", "{ADA044E3-FE73-36F4-AFF6-00CE8EA31C5C}"
	ProjectSection(ProjectDependencies) = postProject
		{FB87D854-F8AE-310E-B0DF-ADB77CB40FCF} = {FB87D854-F8AE-310E-B0DF-ADB77CB40FCF}
		{AB397389-B053-3CD7-B009-D84721761E47} = {AB397389-B053-3CD7-B009-D84721761E47}
	EndProjectSection
EndProject
Project("{8BC9CEB8-8B4A-11D0-8D11-00A0C91BC942}") = "zlib", "zlib.vcxproj", "{AB397389-B053-3CD7-B009-D84721761E47}"
	ProjectSection(ProjectDependencies) = postProject
		{FB87D854-F8AE-310E-B0DF-ADB77CB40FCF} = {FB87D854-F8AE-310E-B0DF-ADB77CB40FCF}
	EndProjectSection
EndProject
Project("{8BC9CEB8-8B4A-11D0-8D11-00A0C91BC942}") = "zlibstatic", "zlibstatic.vcxproj", "{E54E5D49-F4D8-3734-9B90-A17B395E2041}"
	ProjectSection(ProjectDependencies) = postProject
		{FB87D854-F8AE-310E-B0DF-ADB77CB40FCF} = {FB87D854-F8AE-310E-B0DF-ADB77CB40FCF}
	EndProjectSection
EndProject
Global
	GlobalSection(SolutionConfigurationPlatforms) = preSolution
		Debug|Win32 = Debug|Win32
		Release|Win32 = Release|Win32
	EndGlobalSection
	GlobalSection(ProjectConfigurationPlatforms) = postSolution
		{46A7DB3C-E82F-3835-91BD-2602E5BE275B}.Debug|Win32.ActiveCfg = Debug|Win32
		{46A7DB3C-E82F-3835-91BD-2602E5BE275B}.Debug|Win32.Build.0 = Debug|Win32
		{46A7DB3C-E82F-3835-91BD-2602E5BE275B}.Release|Win32.ActiveCfg = Release|Win32
		{46A7DB3C-E82F-3835-91BD-2602E5BE275B}.Release|Win32.Build.0 = Release|Win32
		{9D69CF87-870D-310C-B811-77BAF00A5C89}.Debug|Win32.ActiveCfg = Debug|Win32
		{9D69CF87-870D-310C-B811-77BAF00A5C89}.Release|Win32.ActiveCfg = Release|Win32
		{C45A54E2-B07E-3B48-8C7D-89DEF7260B87}.Debug|Win32.ActiveCfg = Debug|Win32
		{C45A54E2-B07E-3B48-8C7D-89DEF7260B87}.Release|Win32.ActiveCfg = Release|Win32
		{FB87D854-F8AE-310E-B0DF-ADB77CB40FCF}.Debug|Win32.ActiveCfg = Debug|Win32
		{FB87D854-F8AE-310E-B0DF-ADB77CB40FCF}.Debug|Win32.Build.0 = Debug|Win32
		{FB87D854-F8AE-310E-B0DF-ADB77CB40FCF}.Release|Win32.ActiveCfg = Release|Win32
		{FB87D854-F8AE-310E-B0DF-ADB77CB40FCF}.Release|Win32.Build.0 = Release|Win32
		{94827557-4E29-3305-AFCD-46E426E17818}.Debug|Win32.ActiveCfg = Debug|Win32
		{94827557-4E29-3305-AFCD-46E426E17818}.Debug|Win32.Build.0 = Debug|Win32
		{94827557-4E29-3305-AFCD-46E426E17818}.Release|Win32.ActiveCfg = Release|Win32
		{94827557-4E29-3305-AFCD-46E426E17818}.Release|Win32.Build.0 = Release|Win32
		{ADA044E3-FE73-36F4-AFF6-00CE8EA31C5C}.Debug|Win32.ActiveCfg = Debug|Win32
		{ADA044E3-FE73-36F4-AFF6-00CE8EA31C5C}.Debug|Win32.Build.0 = Debug|Win32
		{ADA044E3-FE73-36F4-AFF6-00CE8EA31C5C}.Release|Win32.ActiveCfg = Release|Win32
		{ADA044E3-FE73-36F4-AFF6-00CE8EA31C5C}.Release|Win32.Build.0 = Release|Win32
		{AB397389-B053-3CD7-B009-D84721761E47}.Debug|Win32.ActiveCfg = Debug|Win32
		{AB397389-B053-3CD7-B009-D84721761E47}.Debug|Win32.Build.0 = Debug|Win32
		{AB397389-B053-3CD7-B009-D84721761E47}.Release|Win32.ActiveCfg = Release|Win32
		{AB397389-B053-3CD7-B009-D84721761E47}.Release|Win32.Build.0 = Release|Win32
		{E54E5D49-F4D8-3734-9B90-A17B395E2041}.Debug|Win32.ActiveCfg = Debug|Win32
		{E54E5D49-F4D8-3734-9B90-A17B395E2041}.Debug|Win32.Build.0 = Debug|Win32
		{E54E5D49-F4D8-3734-9B90-A17B395E2041}.Release|Win32.ActiveCfg = Release|Win32
		{E54E5D49-F4D8-3734-9B90-A17B395E2041}.Release|Win32.Build.0 = Release|Win32
	EndGlobalSection
	GlobalSection(ExtensibilityGlobals) = postSolution
		SolutionGuid = {9E290A8E-CC24-3335-A243-5F0CE781D0A3}
	EndGlobalSection
	GlobalSection(ExtensibilityAddIns) = postSolution
	EndGlobalSection
EndGlobal
